
Microsoft Visual Studio Solution File, Format Version 12.00
# Visual Studio 2012
Project("{8BC9CEB8-8B4A-11D0-8D11-00A0C91BC942}") = "MemAlter", "MemAlter\MemAlter.vcxproj", "{086355E0-9361-4A2B-9068-B9519F465DDA}"
EndProject
Project("{8BC9CEB8-8B4A-11D0-8D11-00A0C91BC942}") = "MemAlterGUI", "MemAlterGUI\MemAlterGUI.vcxproj", "{14B88711-0B1D-49B9-B552-65439163B71D}"
EndProject
Global
	GlobalSection(SolutionConfigurationPlatforms) = preSolution
		Debug|Win32 = Debug|Win32
		Release|Win32 = Release|Win32
	EndGlobalSection
	GlobalSection(ProjectConfigurationPlatforms) = postSolution
		{086355E0-9361-4A2B-9068-B9519F465DDA}.Debug|Win32.ActiveCfg = Debug|Win32
		{086355E0-9361-4A2B-9068-B9519F465DDA}.Debug|Win32.Build.0 = Debug|Win32
		{086355E0-9361-4A2B-9068-B9519F465DDA}.Release|Win32.ActiveCfg = Release|Win32
		{086355E0-9361-4A2B-9068-B9519F465DDA}.Release|Win32.Build.0 = Release|Win32
		{14B88711-0B1D-49B9-B552-65439163B71D}.Debug|Win32.ActiveCfg = Debug|Win32
		{14B88711-0B1D-49B9-B552-65439163B71D}.Debug|Win32.Build.0 = Debug|Win32
		{14B88711-0B1D-49B9-B552-65439163B71D}.Release|Win32.ActiveCfg = Release|Win32
		{14B88711-0B1D-49B9-B552-65439163B71D}.Release|Win32.Build.0 = Release|Win32
	EndGlobalSection
	GlobalSection(SolutionProperties) = preSolution
		HideSolutionNode = FALSE
	EndGlobalSection
EndGlobal
